
Microsoft Visual Studio Solution File, Format Version 12.00
# Visual Studio Version 16
VisualStudioVersion = 16.0.29230.61
MinimumVisualStudioVersion = 10.0.40219.1
Project("{9A19103F-16F7-4668-BE54-9A1E7A4F7556}") = "ElectricalControls", "ElectricalControls\ElectricalControls.csproj", "{FD0879A2-46B0-42B0-9750-73E9E47D7E24}"
EndProject
Global
	GlobalSection(SolutionConfigurationPlatforms) = preSolution
		Debug|Any CPU = Debug|Any CPU
		Release|Any CPU = Release|Any CPU
	EndGlobalSection
	GlobalSection(ProjectConfigurationPlatforms) = postSolution
		{FD0879A2-46B0-42B0-9750-73E9E47D7E24}.Debug|Any CPU.ActiveCfg = Debug|Any CPU
		{FD0879A2-46B0-42B0-9750-73E9E47D7E24}.Debug|Any CPU.Build.0 = Debug|Any CPU
		{FD0879A2-46B0-42B0-9750-73E9E47D7E24}.Release|Any CPU.ActiveCfg = Release|Any CPU
		{FD0879A2-46B0-42B0-9750-73E9E47D7E24}.Release|Any CPU.Build.0 = Release|Any CPU
	EndGlobalSection
	GlobalSection(SolutionProperties) = preSolution
		HideSolutionNode = FALSE
	EndGlobalSection
	GlobalSection(ExtensibilityGlobals) = postSolution
		SolutionGuid = {92AB3FAD-362C-4F59-A465-0361F28F5514}
	EndGlobalSection
EndGlobal
