
Microsoft Visual Studio Solution File, Format Version 12.00
# Visual Studio Version 16
VisualStudioVersion = 16.0.29230.61
MinimumVisualStudioVersion = 10.0.40219.1
Project("{FAE04EC0-301F-11D3-BF4B-00C04F79EFBC}") = "ElectricalControlSystem.Desktop.WindowsApplication", "ElectricalControlSystem.Desktop.WindowsApplication\ElectricalControlSystem.Desktop.WindowsApplication.csproj", "{AD04DDCC-5066-4187-AC52-16A0EEC55BE9}"
EndProject
Project("{9A19103F-16F7-4668-BE54-9A1E7A4F7556}") = "ElectricalControlSystem.ElectricalControls", "ElectricalControlSystem.ElectricalControls\ElectricalControlSystem.ElectricalControls.csproj", "{CF905D1C-4986-4B36-8DCB-CA650FF5814C}"
EndProject
Global
	GlobalSection(SolutionConfigurationPlatforms) = preSolution
		Debug|Any CPU = Debug|Any CPU
		Release|Any CPU = Release|Any CPU
	EndGlobalSection
	GlobalSection(ProjectConfigurationPlatforms) = postSolution
		{AD04DDCC-5066-4187-AC52-16A0EEC55BE9}.Debug|Any CPU.ActiveCfg = Debug|Any CPU
		{AD04DDCC-5066-4187-AC52-16A0EEC55BE9}.Debug|Any CPU.Build.0 = Debug|Any CPU
		{AD04DDCC-5066-4187-AC52-16A0EEC55BE9}.Release|Any CPU.ActiveCfg = Release|Any CPU
		{AD04DDCC-5066-4187-AC52-16A0EEC55BE9}.Release|Any CPU.Build.0 = Release|Any CPU
		{CF905D1C-4986-4B36-8DCB-CA650FF5814C}.Debug|Any CPU.ActiveCfg = Debug|Any CPU
		{CF905D1C-4986-4B36-8DCB-CA650FF5814C}.Debug|Any CPU.Build.0 = Debug|Any CPU
		{CF905D1C-4986-4B36-8DCB-CA650FF5814C}.Release|Any CPU.ActiveCfg = Release|Any CPU
		{CF905D1C-4986-4B36-8DCB-CA650FF5814C}.Release|Any CPU.Build.0 = Release|Any CPU
	EndGlobalSection
	GlobalSection(SolutionProperties) = preSolution
		HideSolutionNode = FALSE
	EndGlobalSection
	GlobalSection(ExtensibilityGlobals) = postSolution
		SolutionGuid = {92AB3FAD-362C-4F59-A465-0361F28F5514}
	EndGlobalSection
EndGlobal
